
Microsoft Visual Studio Solution File, Format Version 12.00
# Visual Studio Version 16
VisualStudioVersion = 16.0.29306.81
MinimumVisualStudioVersion = 10.0.40219.1
Project("{FAE04EC0-301F-11D3-BF4B-00C04F79EFBC}") = "ConsoleApp2", "ConsoleApp2\ConsoleApp2.csproj", "{C7EEAF3D-CBF3-4B90-B67C-F15130BEC054}"
EndProject
Global
	GlobalSection(SolutionConfigurationPlatforms) = preSolution
		Debug|Any CPU = Debug|Any CPU
		Release|Any CPU = Release|Any CPU
	EndGlobalSection
	GlobalSection(ProjectConfigurationPlatforms) = postSolution
		{C7EEAF3D-CBF3-4B90-B67C-F15130BEC054}.Debug|Any CPU.ActiveCfg = Debug|Any CPU
		{C7EEAF3D-CBF3-4B90-B67C-F15130BEC054}.Debug|Any CPU.Build.0 = Debug|Any CPU
		{C7EEAF3D-CBF3-4B90-B67C-F15130BEC054}.Release|Any CPU.ActiveCfg = Release|Any CPU
		{C7EEAF3D-CBF3-4B90-B67C-F15130BEC054}.Release|Any CPU.Build.0 = Release|Any CPU
	EndGlobalSection
	GlobalSection(SolutionProperties) = preSolution
		HideSolutionNode = FALSE
	EndGlobalSection
	GlobalSection(ExtensibilityGlobals) = postSolution
		SolutionGuid = {232DC898-8833-4FCD-B823-72D9A3E8917A}
	EndGlobalSection
EndGlobal
